lockfileVersion: '9.0'

settings:
  autoInstallPeers: true
  excludeLinksFromLockfile: false

importers:

  .:
    devDependencies:
      '@vue/tsconfig':
        specifier: ^0.9.1
        version: 0.9.1

packages:

  '@vue/tsconfig@0.9.1':
    resolution: {integrity: sha512-buvjm+9NzLCJL29KY1j1991YYJ5e6275OiK+G4jtmfIb+z4POywbdm0wXusT9adVWqe0xqg70TbI7+mRx4uU9w==}
    peerDependencies:
      typescript: '>= 5.8'
      vue: ^3.4.0
    peerDependenciesMeta:
      typescript:
        optional: true
      vue:
        optional: true

snapshots:

  '@vue/tsconfig@0.9.1': {}
